{
  "name": "hello-world",
  "version": "0.1.0",
  "lockfileVersion": 2,
  "requires": true,
  "packages": {
    "": {
      "version": "0.1.0",
      "license": "MIT",
      "devDependencies": {
        "@xpack-dev-tools/cmake": "3.19.2-2.1",
        "@xpack-dev-tools/ninja-build": "1.10.2-2.1"
      }
    },
    "node_modules/@xpack-dev-tools/cmake": {
      "version": "3.19.2-2.1",
      "resolved": "https://registry.npmjs.org/@xpack-dev-tools/cmake/-/cmake-3.19.2-2.1.tgz",
      "integrity": "sha512-+Ja2ti31zu++salYLMDVl7RifuOTiuOm3AkNZ+I8IXI3Mc6cI9iIVTNfqH/+YJrnUkYr6cdPFQZY+KO2m5ZaMw==",
      "dev": true
    },
    "node_modules/@xpack-dev-tools/ninja-build": {
      "version": "1.10.2-2.1",
      "resolved": "https://registry.npmjs.org/@xpack-dev-tools/ninja-build/-/ninja-build-1.10.2-2.1.tgz",
      "integrity": "sha512-7XE09uqLklDCKnaV+MushOk+SowP63gU5ZHWEe2h5CS/wPNA5UTQL6OYTrO4SIRMl2SM0FeSqRqnPm5/dkXeaA==",
      "dev": true
    }
  },
  "dependencies": {
    "@xpack-dev-tools/cmake": {
      "version": "3.19.2-2.1",
      "resolved": "https://registry.npmjs.org/@xpack-dev-tools/cmake/-/cmake-3.19.2-2.1.tgz",
      "integrity": "sha512-+Ja2ti31zu++salYLMDVl7RifuOTiuOm3AkNZ+I8IXI3Mc6cI9iIVTNfqH/+YJrnUkYr6cdPFQZY+KO2m5ZaMw==",
      "dev": true
    },
    "@xpack-dev-tools/ninja-build": {
      "version": "1.10.2-2.1",
      "resolved": "https://registry.npmjs.org/@xpack-dev-tools/ninja-build/-/ninja-build-1.10.2-2.1.tgz",
      "integrity": "sha512-7XE09uqLklDCKnaV+MushOk+SowP63gU5ZHWEe2h5CS/wPNA5UTQL6OYTrO4SIRMl2SM0FeSqRqnPm5/dkXeaA==",
      "dev": true
    }
  }
}
